
Microsoft Visual Studio Solution File, Format Version 12.00
# Visual Studio Version 17
VisualStudioVersion = 17.12.35527.113
MinimumVisualStudioVersion = 10.0.40219.1
Project("{FAE04EC0-301F-11D3-BF4B-00C04F79EFBC}") = "TrackAndFieldResults", "src\TrackAndFieldResults\TrackAndFieldResults.csproj", "{FDBE0E55-D79E-4380-B4E3-A7D8359765E2}"
EndProject
Project("{FAE04EC0-301F-11D3-BF4B-00C04F79EFBC}") = "TrackAndFieldResults.Tests", "tests\TrackAndFieldResults.Tests\TrackAndFieldResults.Tests.csproj", "{CDD44DC7-BB55-47B2-8FE4-7EA339980C5F}"
EndProject
Global
	GlobalSection(SolutionConfigurationPlatforms) = preSolution
		Debug|Any CPU = Debug|Any CPU
		Release|Any CPU = Release|Any CPU
	EndGlobalSection
	GlobalSection(ProjectConfigurationPlatforms) = postSolution
		{FDBE0E55-D79E-4380-B4E3-A7D8359765E2}.Debug|Any CPU.ActiveCfg = Debug|Any CPU
		{FDBE0E55-D79E-4380-B4E3-A7D8359765E2}.Debug|Any CPU.Build.0 = Debug|Any CPU
		{FDBE0E55-D79E-4380-B4E3-A7D8359765E2}.Release|Any CPU.ActiveCfg = Release|Any CPU
		{FDBE0E55-D79E-4380-B4E3-A7D8359765E2}.Release|Any CPU.Build.0 = Release|Any CPU
		{CDD44DC7-BB55-47B2-8FE4-7EA339980C5F}.Debug|Any CPU.ActiveCfg = Debug|Any CPU
		{CDD44DC7-BB55-47B2-8FE4-7EA339980C5F}.Debug|Any CPU.Build.0 = Debug|Any CPU
		{CDD44DC7-BB55-47B2-8FE4-7EA339980C5F}.Release|Any CPU.ActiveCfg = Release|Any CPU
		{CDD44DC7-BB55-47B2-8FE4-7EA339980C5F}.Release|Any CPU.Build.0 = Release|Any CPU
	EndGlobalSection
	GlobalSection(SolutionProperties) = preSolution
		HideSolutionNode = FALSE
	EndGlobalSection
EndGlobal
